{
    "_readme": [
        "This file locks the dependencies of your project to a known state",
        "Read more about it at https://getcomposer.org/doc/01-basic-usage.md#installing-dependencies",
        "This file is @generated automatically"
    ],
    "content-hash": "e5c128018bd903e76f9574b3f69330e7",
    "packages": [
        {
            "name": "francerz/enum",
            "version": "v0.1.1",
            "source": {
                "type": "git",
                "url": "https://github.com/francerz/php-enum.git",
                "reference": "02ccd3dc0b2aebd94db0e297430c8a71d5acba8b"
            },
            "dist": {
                "type": "zip",
                "url": "https://api.github.com/repos/francerz/php-enum/zipball/02ccd3dc0b2aebd94db0e297430c8a71d5acba8b",
                "reference": "02ccd3dc0b2aebd94db0e297430c8a71d5acba8b",
                "shasum": ""
            },
            "require-dev": {
                "phpunit/phpunit": "^9.5"
            },
            "type": "library",
            "autoload": {
                "psr-4": {
                    "Francerz\\Enum\\": "src/"
                }
            },
            "notification-url": "https://packagist.org/downloads/",
            "license": [
                "MIT"
            ],
            "authors": [
                {
                    "name": "Francerz",
                    "email": "francerzam@hotmail.com"
                }
            ],
            "description": "PHP Enumeration tool",
            "support": {
                "issues": "https://github.com/francerz/php-enum/issues",
                "source": "https://github.com/francerz/php-enum/tree/v0.1.1"
            },
            "time": "2021-10-18T14:08:19+00:00"
        },
        {
            "name": "francerz/php-power-data",
            "version": "v0.1.36",
            "source": {
                "type": "git",
                "url": "https://github.com/francerz/php-power-data.git",
                "reference": "86287a39409f30cb312a77b1fc233d1366a23eea"
            },
            "dist": {
                "type": "zip",
                "url": "https://api.github.com/repos/francerz/php-power-data/zipball/86287a39409f30cb312a77b1fc233d1366a23eea",
                "reference": "86287a39409f30cb312a77b1fc233d1366a23eea",
                "shasum": ""
            },
            "type": "library",
            "autoload": {
                "psr-4": {
                    "Francerz\\PowerData\\": "src"
                }
            },
            "notification-url": "https://packagist.org/downloads/",
            "authors": [
                {
                    "name": "Francisco CZ"
                }
            ],
            "description": "PHP data structures for complex data handling",
            "support": {
                "issues": "https://github.com/francerz/php-power-data/issues",
                "source": "https://github.com/francerz/php-power-data/tree/v0.1.36"
            },
            "time": "2023-11-29T19:12:39+00:00"
        },
        {
            "name": "psr/http-message",
            "version": "1.1",
            "source": {
                "type": "git",
                "url": "https://github.com/php-fig/http-message.git",
                "reference": "cb6ce4845ce34a8ad9e68117c10ee90a29919eba"
            },
            "dist": {
                "type": "zip",
                "url": "https://api.github.com/repos/php-fig/http-message/zipball/cb6ce4845ce34a8ad9e68117c10ee90a29919eba",
                "reference": "cb6ce4845ce34a8ad9e68117c10ee90a29919eba",
                "shasum": ""
            },
            "require": {
                "php": "^7.2 || ^8.0"
            },
            "type": "library",
            "extra": {
                "branch-alias": {
                    "dev-master": "1.1.x-dev"
                }
            },
            "autoload": {
                "psr-4": {
                    "Psr\\Http\\Message\\": "src/"
                }
            },
            "notification-url": "https://packagist.org/downloads/",
            "license": [
                "MIT"
            ],
            "authors": [
                {
                    "name": "PHP-FIG",
                    "homepage": "http://www.php-fig.org/"
                }
            ],
            "description": "Common interface for HTTP messages",
            "homepage": "https://github.com/php-fig/http-message",
            "keywords": [
                "http",
                "http-message",
                "psr",
                "psr-7",
                "request",
                "response"
            ],
            "support": {
                "source": "https://github.com/php-fig/http-message/tree/1.1"
            },
            "time": "2023-04-04T09:50:52+00:00"
        }
    ],
    "packages-dev": [],
    "aliases": [],
    "minimum-stability": "stable",
    "stability-flags": [],
    "prefer-stable": false,
    "prefer-lowest": false,
    "platform": [],
    "platform-dev": [],
    "plugin-api-version": "2.2.0"
}
